
Microsoft Visual Studio Solution File, Format Version 12.00
# Visual Studio Version 17
VisualStudioVersion = 17.1.32421.90
MinimumVisualStudioVersion = 10.0.40219.1
Project("{FAE04EC0-301F-11D3-BF4B-00C04F79EFBC}") = "SwaggerTokens", "SwaggerTokens.csproj", "{80BD056F-A5C1-4725-9E64-F9F6EB0D6B34}"
EndProject
Global
	GlobalSection(SolutionConfigurationPlatforms) = preSolution
		Debug|Any CPU = Debug|Any CPU
		Release|Any CPU = Release|Any CPU
	EndGlobalSection
	GlobalSection(ProjectConfigurationPlatforms) = postSolution
		{80BD056F-A5C1-4725-9E64-F9F6EB0D6B34}.Debug|Any CPU.ActiveCfg = Debug|Any CPU
		{80BD056F-A5C1-4725-9E64-F9F6EB0D6B34}.Debug|Any CPU.Build.0 = Debug|Any CPU
		{80BD056F-A5C1-4725-9E64-F9F6EB0D6B34}.Release|Any CPU.ActiveCfg = Release|Any CPU
		{80BD056F-A5C1-4725-9E64-F9F6EB0D6B34}.Release|Any CPU.Build.0 = Release|Any CPU
	EndGlobalSection
	GlobalSection(SolutionProperties) = preSolution
		HideSolutionNode = FALSE
	EndGlobalSection
	GlobalSection(ExtensibilityGlobals) = postSolution
		SolutionGuid = {BCE5EB8E-CF5A-46F3-86B0-E91636CF6394}
	EndGlobalSection
EndGlobal
